dependencies:
  esp-idf-lib/esp_idf_lib_helpers:
    component_hash: 689853bb8993434f9556af0f2816e808bf77b5d22100144b21f3519993daf237
    dependencies: []
    source:
      registry_url: https://components.espressif.com
      type: service
    targets:
    - esp32
    - esp32c2
    - esp32c3
    - esp32c5
    - esp32c6
    - esp32c61
    - esp32h2
    - esp32p4
    - esp32s2
    - esp32s3
    version: 1.4.0
  esp-idf-lib/hx711:
    component_hash: a746fa21c76a94e9796e85c9b5ac7054eff64587ab8e87c94615b4e80ccc2992
    dependencies:
    - name: esp-idf-lib/esp_idf_lib_helpers
      registry_url: https://components.espressif.com
      require: private
      version: '*'
    source:
      registry_url: https://components.espressif.com/
      type: service
    targets:
    - esp32
    - esp32c2
    - esp32c3
    - esp32c5
    - esp32c6
    - esp32c61
    - esp32h2
    - esp32p4
    - esp32s2
    - esp32s3
    version: 1.1.0
  esp-idf-lib/i2cdev:
    component_hash: 4f3838b2e68ab2b77fd43737139fa97dd0243b46af7b4a04588c67ff6b275ba1
    dependencies:
    - name: esp-idf-lib/esp_idf_lib_helpers
      registry_url: https://components.espressif.com
      require: private
      version: '*'
    source:
      registry_url: https://components.espressif.com
      type: service
    targets:
    - esp32
    - esp32c2
    - esp32c3
    - esp32c5
    - esp32c6
    - esp32c61
    - esp32h2
    - esp32p4
    - esp32s2
    - esp32s3
    version: 2.1.0
  esp-idf-lib/mpu6050:
    component_hash: 27ad813d05b7e9b70bd7284414915183a8d10899b3edbfde94277689fd9752e4
    dependencies:
    - name: esp-idf-lib/esp_idf_lib_helpers
      registry_url: https://components.espressif.com
      require: private
      version: '*'
    - name: esp-idf-lib/i2cdev
      registry_url: https://components.espressif.com
      require: private
      version: '*'
    source:
      registry_url: https://components.espressif.com/
      type: service
    targets:
    - esp32
    - esp32c2
    - esp32c3
    - esp32c5
    - esp32c6
    - esp32c61
    - esp32h2
    - esp32p4
    - esp32s2
    - esp32s3
    version: 2.1.8
  espp/base_component:
    component_hash: 569d8a4c2520fbb8f9c79ddd772e278506c80099e218599c602a8891bb995bf9
    dependencies:
    - name: espp/logger
      registry_url: https://components.espressif.com
      require: private
      version: '>=1.0'
    - name: idf
      require: private
      version: '>=5.0'
    source:
      registry_url: https://components.espressif.com
      type: service
    version: 1.0.33
  espp/cli:
    component_hash: 763f9ceab9f054704a99748f3cdff2d2ec982cb1b4af7d5e45d86cb58ccf7004
    dependencies:
    - name: espp/logger
      registry_url: https://components.espressif.com
      require: private
      version: '>=1.0'
    - name: idf
      require: private
      version: '>=5.0'
    source:
      registry_url: https://components.espressif.com
      type: service
    version: 1.0.33
  espp/format:
    component_hash: 9723eeb2cadb7191255337320f51edec7b300c648d98aa4ab92e93365297acc4
    dependencies:
    - name: idf
      require: private
      version: '>=5.0'
    source:
      registry_url: https://components.espressif.com
      type: service
    version: 1.0.33
  espp/i2c:
    component_hash: 66e7bed404e7133bccf77131487528ed31b5d8970732cf6f2aa0341b9ffe22c4
    dependencies:
    - name: espp/base_component
      registry_url: https://components.espressif.com
      require: private
      version: '>=1.0'
    - name: espp/cli
      registry_url: https://components.espressif.com
      require: private
      version: '>=1.0'
    - name: espp/task
      registry_url: https://components.espressif.com
      require: private
      version: '>=1.0'
    - name: idf
      require: private
      version: '>=5.0'
    source:
      registry_url: https://components.espressif.com/
      type: service
    version: 1.0.33
  espp/logger:
    component_hash: 91bc16342ba44200df5b56977270921a863e3447d3c94049a75e30b8d515b34d
    dependencies:
    - name: espp/format
      registry_url: https://components.espressif.com
      require: private
      version: '>=1.0'
    - name: idf
      require: private
      version: '>=5.0'
    source:
      registry_url: https://components.espressif.com/
      type: service
    version: 1.0.33
  espp/task:
    component_hash: 82c7bbafb07f7e7f2e5b4813ad3a03c48458dcb0027c19ef8c834ef91771ff49
    dependencies:
    - name: espp/base_component
      registry_url: https://components.espressif.com
      require: private
      version: '>=1.0'
    - name: idf
      require: private
      version: '>=5.0'
    source:
      registry_url: https://components.espressif.com
      type: service
    version: 1.0.33
  espp/timer:
    component_hash: 2afdb9f0c9a86cad337dc45bed602cc86a3b118eb7022ef73c69d1a8e18595d6
    dependencies:
    - name: espp/task
      registry_url: https://components.espressif.com
      require: private
      version: '>=1.0'
    - name: idf
      require: private
      version: '>=5.0'
    source:
      registry_url: https://components.espressif.com/
      type: service
    version: 1.0.33
  idf:
    source:
      type: idf
    version: 5.5.1
direct_dependencies:
- esp-idf-lib/hx711
- esp-idf-lib/mpu6050
- espp/i2c
- espp/logger
- espp/timer
- idf
manifest_hash: 773bd06139a699f4dd9f1fe49a951f8cf1780828989e1113bae414c9efa7b1b2
target: esp32
version: 2.0.0
